// !$*UTF8*$!
{
	archiveVersion = 1;
	classes = {
	};
	objectVersion = 56;
	objects = {

/* Begin PBXBuildFile section */
		8C377C7C2C04E1AC005D51D5 /* HapidApp.swift in Sources */ = {isa = PBXBuildFile; fileRef = 8C377C7B2C04E1AC005D51D5 /* HapidApp.swift */; };
		8C377C7E2C04E1AC005D51D5 /* ContentView.swift in Sources */ = {isa = PBXBuildFile; fileRef = 8C377C7D2C04E1AC005D51D5 /* ContentView.swift */; };
		8C377C802C04E1AE005D51D5 /* Assets.xcassets in Resources */ = {isa = PBXBuildFile; fileRef = 8C377C7F2C04E1AE005D51D5 /* Assets.xcassets */; };
		8C377C832C04E1AE005D51D5 /* Preview Assets.xcassets in Resources */ = {isa = PBXBuildFile; fileRef = 8C377C822C04E1AE005D51D5 /* Preview Assets.xcassets */; };
		8C377C8A2C04E21E005D51D5 /* Networking.swift in Sources */ = {isa = PBXBuildFile; fileRef = 8C377C892C04E21E005D51D5 /* Networking.swift */; };
		8C377C8C2C04E2D7005D51D5 /* ProfileView.swift in Sources */ = {isa = PBXBuildFile; fileRef = 8C377C8B2C04E2D7005D51D5 /* ProfileView.swift */; };
		8C377C8E2C04E2EF005D51D5 /* OTPView.swift in Sources */ = {isa = PBXBuildFile; fileRef = 8C377C8D2C04E2EF005D51D5 /* OTPView.swift */; };
		8C377C922C05095F005D51D5 /* ImagePicker.swift in Sources */ = {isa = PBXBuildFile; fileRef = 8C377C912C05095F005D51D5 /* ImagePicker.swift */; };
		8C377C942C05122F005D51D5 /* SplashScreenView.swift in Sources */ = {isa = PBXBuildFile; fileRef = 8C377C932C05122F005D51D5 /* SplashScreenView.swift */; };
		8C377C972C051737005D51D5 /* SplashScreen2View.swift in Sources */ = {isa = PBXBuildFile; fileRef = 8C377C962C051737005D51D5 /* SplashScreen2View.swift */; };
		8C377C992C059776005D51D5 /* OTPPopupView.swift in Sources */ = {isa = PBXBuildFile; fileRef = 8C377C982C059775005D51D5 /* OTPPopupView.swift */; };
/* End PBXBuildFile section */

/* Begin PBXFileReference section */
		8C377C782C04E1AC005D51D5 /* Hapid.app */ = {isa = PBXFileReference; explicitFileType = wrapper.application; includeInIndex = 0; path = Hapid.app; sourceTree = BUILT_PRODUCTS_DIR; };
		8C377C7B2C04E1AC005D51D5 /* HapidApp.swift */ = {isa = PBXFileReference; lastKnownFileType = sourcecode.swift; path = HapidApp.swift; sourceTree = "<group>"; };
		8C377C7D2C04E1AC005D51D5 /* ContentView.swift */ = {isa = PBXFileReference; lastKnownFileType = sourcecode.swift; path = ContentView.swift; sourceTree = "<group>"; };
		8C377C7F2C04E1AE005D51D5 /* Assets.xcassets */ = {isa = PBXFileReference; lastKnownFileType = folder.assetcatalog; path = Assets.xcassets; sourceTree = "<group>"; };
		8C377C822C04E1AE005D51D5 /* Preview Assets.xcassets */ = {isa = PBXFileReference; lastKnownFileType = folder.assetcatalog; path = "Preview Assets.xcassets"; sourceTree = "<group>"; };
		8C377C892C04E21E005D51D5 /* Networking.swift */ = {isa = PBXFileReference; lastKnownFileType = sourcecode.swift; path = Networking.swift; sourceTree = "<group>"; };
		8C377C8B2C04E2D7005D51D5 /* ProfileView.swift */ = {isa = PBXFileReference; lastKnownFileType = sourcecode.swift; path = ProfileView.swift; sourceTree = "<group>"; };
		8C377C8D2C04E2EF005D51D5 /* OTPView.swift */ = {isa = PBXFileReference; lastKnownFileType = sourcecode.swift; path = OTPView.swift; sourceTree = "<group>"; };
		8C377C912C05095F005D51D5 /* ImagePicker.swift */ = {isa = PBXFileReference; lastKnownFileType = sourcecode.swift; path = ImagePicker.swift; sourceTree = "<group>"; };
		8C377C932C05122F005D51D5 /* SplashScreenView.swift */ = {isa = PBXFileReference; lastKnownFileType = sourcecode.swift; path = SplashScreenView.swift; sourceTree = "<group>"; };
		8C377C952C05140A005D51D5 /* Info.plist */ = {isa = PBXFileReference; lastKnownFileType = text.plist; path = Info.plist; sourceTree = "<group>"; };
		8C377C962C051737005D51D5 /* SplashScreen2View.swift */ = {isa = PBXFileReference; lastKnownFileType = sourcecode.swift; path = SplashScreen2View.swift; sourceTree = "<group>"; };
		8C377C982C059775005D51D5 /* OTPPopupView.swift */ = {isa = PBXFileReference; lastKnownFileType = sourcecode.swift; path = OTPPopupView.swift; sourceTree = "<group>"; };
/* End PBXFileReference section */

/* Begin PBXFrameworksBuildPhase section */
		8C377C752C04E1AC005D51D5 /* Frameworks */ = {
			isa = PBXFrameworksBuildPhase;
			buildActionMask = 2147483647;
			files = (
			);
			runOnlyForDeploymentPostprocessing = 0;
		};
/* End PBXFrameworksBuildPhase section */

/* Begin PBXGroup section */
		8C377C6F2C04E1AB005D51D5 = {
			isa = PBXGroup;
			children = (
				8C377C7A2C04E1AC005D51D5 /* Hapid */,
				8C377C792C04E1AC005D51D5 /* Products */,
			);
			sourceTree = "<group>";
		};
		8C377C792C04E1AC005D51D5 /* Products */ = {
			isa = PBXGroup;
			children = (
				8C377C782C04E1AC005D51D5 /* Hapid.app */,
			);
			name = Products;
			sourceTree = "<group>";
		};
		8C377C7A2C04E1AC005D51D5 /* Hapid */ = {
			isa = PBXGroup;
			children = (
				8C377C952C05140A005D51D5 /* Info.plist */,
				8C377C7B2C04E1AC005D51D5 /* HapidApp.swift */,
				8C377C7D2C04E1AC005D51D5 /* ContentView.swift */,
				8C377C7F2C04E1AE005D51D5 /* Assets.xcassets */,
				8C377C892C04E21E005D51D5 /* Networking.swift */,
				8C377C8B2C04E2D7005D51D5 /* ProfileView.swift */,
				8C377C8D2C04E2EF005D51D5 /* OTPView.swift */,
				8C377C912C05095F005D51D5 /* ImagePicker.swift */,
				8C377C932C05122F005D51D5 /* SplashScreenView.swift */,
				8C377C962C051737005D51D5 /* SplashScreen2View.swift */,
				8C377C812C04E1AE005D51D5 /* Preview Content */,
				8C377C982C059775005D51D5 /* OTPPopupView.swift */,
			);
			path = Hapid;
			sourceTree = "<group>";
		};
		8C377C812C04E1AE005D51D5 /* Preview Content */ = {
			isa = PBXGroup;
			children = (
				8C377C822C04E1AE005D51D5 /* Preview Assets.xcassets */,
			);
			path = "Preview Content";
			sourceTree = "<group>";
		};
/* End PBXGroup section */

/* Begin PBXNativeTarget section */
		8C377C772C04E1AC005D51D5 /* Hapid */ = {
			isa = PBXNativeTarget;
			buildConfigurationList = 8C377C862C04E1AE005D51D5 /* Build configuration list for PBXNativeTarget "Hapid" */;
			buildPhases = (
				8C377C742C04E1AC005D51D5 /* Sources */,
				8C377C752C04E1AC005D51D5 /* Frameworks */,
				8C377C762C04E1AC005D51D5 /* Resources */,
			);
			buildRules = (
			);
			dependencies = (
			);
			name = Hapid;
			productName = Hapid;
			productReference = 8C377C782C04E1AC005D51D5 /* Hapid.app */;
			productType = "com.apple.product-type.application";
		};
/* End PBXNativeTarget section */

/* Begin PBXProject section */
		8C377C702C04E1AB005D51D5 /* Project object */ = {
			isa = PBXProject;
			attributes = {
				BuildIndependentTargetsInParallel = 1;
				LastSwiftUpdateCheck = 1540;
				LastUpgradeCheck = 1540;
				TargetAttributes = {
					8C377C772C04E1AC005D51D5 = {
						CreatedOnToolsVersion = 15.4;
					};
				};
			};
			buildConfigurationList = 8C377C732C04E1AB005D51D5 /* Build configuration list for PBXProject "Hapid" */;
			compatibilityVersion = "Xcode 14.0";
			developmentRegion = en;
			hasScannedForEncodings = 0;
			knownRegions = (
				en,
				Base,
			);
			mainGroup = 8C377C6F2C04E1AB005D51D5;
			productRefGroup = 8C377C792C04E1AC005D51D5 /* Products */;
			projectDirPath = "";
			projectRoot = "";
			targets = (
				8C377C772C04E1AC005D51D5 /* Hapid */,
			);
		};
/* End PBXProject section */

/* Begin PBXResourcesBuildPhase section */
		8C377C762C04E1AC005D51D5 /* Resources */ = {
			isa = PBXResourcesBuildPhase;
			buildActionMask = 2147483647;
			files = (
				8C377C832C04E1AE005D51D5 /* Preview Assets.xcassets in Resources */,
				8C377C802C04E1AE005D51D5 /* Assets.xcassets in Resources */,
			);
			runOnlyForDeploymentPostprocessing = 0;
		};
/* End PBXResourcesBuildPhase section */

/* Begin PBXSourcesBuildPhase section */
		8C377C742C04E1AC005D51D5 /* Sources */ = {
			isa = PBXSourcesBuildPhase;
			buildActionMask = 2147483647;
			files = (
				8C377C942C05122F005D51D5 /* SplashScreenView.swift in Sources */,
				8C377C8A2C04E21E005D51D5 /* Networking.swift in Sources */,
				8C377C972C051737005D51D5 /* SplashScreen2View.swift in Sources */,
				8C377C8E2C04E2EF005D51D5 /* OTPView.swift in Sources */,
				8C377C8C2C04E2D7005D51D5 /* ProfileView.swift in Sources */,
				8C377C992C059776005D51D5 /* OTPPopupView.swift in Sources */,
				8C377C922C05095F005D51D5 /* ImagePicker.swift in Sources */,
				8C377C7E2C04E1AC005D51D5 /* ContentView.swift in Sources */,
				8C377C7C2C04E1AC005D51D5 /* HapidApp.swift in Sources */,
			);
			runOnlyForDeploymentPostprocessing = 0;
		};
/* End PBXSourcesBuildPhase section */

/* Begin XCBuildConfiguration section */
		8C377C842C04E1AE005D51D5 /* Debug */ = {
			isa = XCBuildConfiguration;
			buildSettings = {
				ALWAYS_SEARCH_USER_PATHS = NO;
				ASSETCATALOG_COMPILER_GENERATE_SWIFT_ASSET_SYMBOL_EXTENSIONS = YES;
				CLANG_ANALYZER_NONNULL = YES;
				CLANG_ANALYZER_NUMBER_OBJECT_CONVERSION = YES_AGGRESSIVE;
				CLANG_CXX_LANGUAGE_STANDARD = "gnu++20";
				CLANG_ENABLE_MODULES = YES;
				CLANG_ENABLE_OBJC_ARC = YES;
				CLANG_ENABLE_OBJC_WEAK = YES;
				CLANG_WARN_BLOCK_CAPTURE_AUTORELEASING = YES;
				CLANG_WARN_BOOL_CONVERSION = YES;
				CLANG_WARN_COMMA = YES;
				CLANG_WARN_CONSTANT_CONVERSION = YES;
				CLANG_WARN_DEPRECATED_OBJC_IMPLEMENTATIONS = YES;
				CLANG_WARN_DIRECT_OBJC_ISA_USAGE = YES_ERROR;
				CLANG_WARN_DOCUMENTATION_COMMENTS = YES;
				CLANG_WARN_EMPTY_BODY = YES;
				CLANG_WARN_ENUM_CONVERSION = YES;
				CLANG_WARN_INFINITE_RECURSION = YES;
				CLANG_WARN_INT_CONVERSION = YES;
				CLANG_WARN_NON_LITERAL_NULL_CONVERSION = YES;
				CLANG_WARN_OBJC_IMPLICIT_RETAIN_SELF = YES;
				CLANG_WARN_OBJC_LITERAL_CONVERSION = YES;
				CLANG_WARN_OBJC_ROOT_CLASS = YES_ERROR;
				CLANG_WARN_QUOTED_INCLUDE_IN_FRAMEWORK_HEADER = YES;
				CLANG_WARN_RANGE_LOOP_ANALYSIS = YES;
				CLANG_WARN_STRICT_PROTOTYPES = YES;
				CLANG_WARN_SUSPICIOUS_MOVE = YES;
				CLANG_WARN_UNGUARDED_AVAILABILITY = YES_AGGRESSIVE;
				CLANG_WARN_UNREACHABLE_CODE = YES;
				CLANG_WARN__DUPLICATE_METHOD_MATCH = YES;
				COPY_PHASE_STRIP = NO;
				DEBUG_INFORMATION_FORMAT = dwarf;
				ENABLE_STRICT_OBJC_MSGSEND = YES;
				ENABLE_TESTABILITY = YES;
				ENABLE_USER_SCRIPT_SANDBOXING = YES;
				GCC_C_LANGUAGE_STANDARD = gnu17;
				GCC_DYNAMIC_NO_PIC = NO;
				GCC_NO_COMMON_BLOCKS = YES;
				GCC_OPTIMIZATION_LEVEL = 0;
				GCC_PREPROCESSOR_DEFINITIONS = (
					"DEBUG=1",
					"$(inherited)",
				);
				GCC_WARN_64_TO_32_BIT_CONVERSION = YES;
				GCC_WARN_ABOUT_RETURN_TYPE = YES_ERROR;
				GCC_WARN_UNDECLARED_SELECTOR = YES;
				GCC_WARN_UNINITIALIZED_AUTOS = YES_AGGRESSIVE;
				GCC_WARN_UNUSED_FUNCTION = YES;
				GCC_WARN_UNUSED_VARIABLE = YES;
				IPHONEOS_DEPLOYMENT_TARGET = 17.0;
				LOCALIZATION_PREFERS_STRING_CATALOGS = YES;
				MTL_ENABLE_DEBUG_INFO = INCLUDE_SOURCE;
				MTL_FAST_MATH = YES;
				ONLY_ACTIVE_ARCH = YES;
				SDKROOT = iphoneos;
				SWIFT_ACTIVE_COMPILATION_CONDITIONS = "DEBUG $(inherited)";
				SWIFT_OPTIMIZATION_LEVEL = "-Onone";
			};
			name = Debug;
		};
		8C377C852C04E1AE005D51D5 /* Release */ = {
			isa = XCBuildConfiguration;
			buildSettings = {
				ALWAYS_SEARCH_USER_PATHS = NO;
				ASSETCATALOG_COMPILER_GENERATE_SWIFT_ASSET_SYMBOL_EXTENSIONS = YES;
				CLANG_ANALYZER_NONNULL = YES;
				CLANG_ANALYZER_NUMBER_OBJECT_CONVERSION = YES_AGGRESSIVE;
				CLANG_CXX_LANGUAGE_STANDARD = "gnu++20";
				CLANG_ENABLE_MODULES = YES;
				CLANG_ENABLE_OBJC_ARC = YES;
				CLANG_ENABLE_OBJC_WEAK = YES;
				CLANG_WARN_BLOCK_CAPTURE_AUTORELEASING = YES;
				CLANG_WARN_BOOL_CONVERSION = YES;
				CLANG_WARN_COMMA = YES;
				CLANG_WARN_CONSTANT_CONVERSION = YES;
				CLANG_WARN_DEPRECATED_OBJC_IMPLEMENTATIONS = YES;
				CLANG_WARN_DIRECT_OBJC_ISA_USAGE = YES_ERROR;
				CLANG_WARN_DOCUMENTATION_COMMENTS = YES;
				CLANG_WARN_EMPTY_BODY = YES;
				CLANG_WARN_ENUM_CONVERSION = YES;
				CLANG_WARN_INFINITE_RECURSION = YES;
				CLANG_WARN_INT_CONVERSION = YES;
				CLANG_WARN_NON_LITERAL_NULL_CONVERSION = YES;
				CLANG_WARN_OBJC_IMPLICIT_RETAIN_SELF = YES;
				CLANG_WARN_OBJC_LITERAL_CONVERSION = YES;
				CLANG_WARN_OBJC_ROOT_CLASS = YES_ERROR;
				CLANG_WARN_QUOTED_INCLUDE_IN_FRAMEWORK_HEADER = YES;
				CLANG_WARN_RANGE_LOOP_ANALYSIS = YES;
				CLANG_WARN_STRICT_PROTOTYPES = YES;
				CLANG_WARN_SUSPICIOUS_MOVE = YES;
				CLANG_WARN_UNGUARDED_AVAILABILITY = YES_AGGRESSIVE;
				CLANG_WARN_UNREACHABLE_CODE = YES;
				CLANG_WARN__DUPLICATE_METHOD_MATCH = YES;
				COPY_PHASE_STRIP = NO;
				DEBUG_INFORMATION_FORMAT = "dwarf-with-dsym";
				ENABLE_NS_ASSERTIONS = NO;
				ENABLE_STRICT_OBJC_MSGSEND = YES;
				ENABLE_USER_SCRIPT_SANDBOXING = YES;
				GCC_C_LANGUAGE_STANDARD = gnu17;
				GCC_NO_COMMON_BLOCKS = YES;
				GCC_WARN_64_TO_32_BIT_CONVERSION = YES;
				GCC_WARN_ABOUT_RETURN_TYPE = YES_ERROR;
				GCC_WARN_UNDECLARED_SELECTOR = YES;
				GCC_WARN_UNINITIALIZED_AUTOS = YES_AGGRESSIVE;
				GCC_WARN_UNUSED_FUNCTION = YES;
				GCC_WARN_UNUSED_VARIABLE = YES;
				IPHONEOS_DEPLOYMENT_TARGET = 17.0;
				LOCALIZATION_PREFERS_STRING_CATALOGS = YES;
				MTL_ENABLE_DEBUG_INFO = NO;
				MTL_FAST_MATH = YES;
				SDKROOT = iphoneos;
				SWIFT_COMPILATION_MODE = wholemodule;
				VALIDATE_PRODUCT = YES;
			};
			name = Release;
		};
		8C377C872C04E1AE005D51D5 /* Debug */ = {
			isa = XCBuildConfiguration;
			buildSettings = {
				ASSETCATALOG_COMPILER_APPICON_NAME = AppIcon;
				ASSETCATALOG_COMPILER_GLOBAL_ACCENT_COLOR_NAME = AccentColor;
				CODE_SIGN_STYLE = Automatic;
				CURRENT_PROJECT_VERSION = 1;
				DEVELOPMENT_ASSET_PATHS = "\"Hapid/Preview Content\"";
				DEVELOPMENT_TEAM = 6KZ57456BC;
				ENABLE_PREVIEWS = YES;
				GENERATE_INFOPLIST_FILE = YES;
				INFOPLIST_FILE = Hapid/Info.plist;
				INFOPLIST_KEY_UIApplicationSceneManifest_Generation = YES;
				INFOPLIST_KEY_UIApplicationSupportsIndirectInputEvents = YES;
				INFOPLIST_KEY_UISupportedInterfaceOrientations_iPad = "UIInterfaceOrientationPortrait UIInterfaceOrientationPortraitUpsideDown UIInterfaceOrientationLandscapeLeft UIInterfaceOrientationLandscapeRight";
				INFOPLIST_KEY_UISupportedInterfaceOrientations_iPhone = "UIInterfaceOrientationPortrait UIInterfaceOrientationLandscapeLeft UIInterfaceOrientationLandscapeRight";
				INFOPLIST_KEY_UIUserInterfaceStyle = Light;
				IPHONEOS_DEPLOYMENT_TARGET = 17.0;
				LD_RUNPATH_SEARCH_PATHS = (
					"$(inherited)",
					"@executable_path/Frameworks",
				);
				MARKETING_VERSION = 1.0;
				PRODUCT_BUNDLE_IDENTIFIER = com.test.hapid;
				PRODUCT_NAME = "$(TARGET_NAME)";
				SWIFT_EMIT_LOC_STRINGS = YES;
				SWIFT_VERSION = 5.0;
				TARGETED_DEVICE_FAMILY = "1,2";
			};
			name = Debug;
		};
		8C377C882C04E1AE005D51D5 /* Release */ = {
			isa = XCBuildConfiguration;
			buildSettings = {
				ASSETCATALOG_COMPILER_APPICON_NAME = AppIcon;
				ASSETCATALOG_COMPILER_GLOBAL_ACCENT_COLOR_NAME = AccentColor;
				CODE_SIGN_STYLE = Automatic;
				CURRENT_PROJECT_VERSION = 1;
				DEVELOPMENT_ASSET_PATHS = "\"Hapid/Preview Content\"";
				DEVELOPMENT_TEAM = 6KZ57456BC;
				ENABLE_PREVIEWS = YES;
				GENERATE_INFOPLIST_FILE = YES;
				INFOPLIST_FILE = Hapid/Info.plist;
				INFOPLIST_KEY_UIApplicationSceneManifest_Generation = YES;
				INFOPLIST_KEY_UIApplicationSupportsIndirectInputEvents = YES;
				INFOPLIST_KEY_UISupportedInterfaceOrientations_iPad = "UIInterfaceOrientationPortrait UIInterfaceOrientationPortraitUpsideDown UIInterfaceOrientationLandscapeLeft UIInterfaceOrientationLandscapeRight";
				INFOPLIST_KEY_UISupportedInterfaceOrientations_iPhone = "UIInterfaceOrientationPortrait UIInterfaceOrientationLandscapeLeft UIInterfaceOrientationLandscapeRight";
				INFOPLIST_KEY_UIUserInterfaceStyle = Light;
				IPHONEOS_DEPLOYMENT_TARGET = 17.0;
				LD_RUNPATH_SEARCH_PATHS = (
					"$(inherited)",
					"@executable_path/Frameworks",
				);
				MARKETING_VERSION = 1.0;
				PRODUCT_BUNDLE_IDENTIFIER = com.test.hapid;
				PRODUCT_NAME = "$(TARGET_NAME)";
				SWIFT_EMIT_LOC_STRINGS = YES;
				SWIFT_VERSION = 5.0;
				TARGETED_DEVICE_FAMILY = "1,2";
			};
			name = Release;
		};
/* End XCBuildConfiguration section */

/* Begin XCConfigurationList section */
		8C377C732C04E1AB005D51D5 /* Build configuration list for PBXProject "Hapid" */ = {
			isa = XCConfigurationList;
			buildConfigurations = (
				8C377C842C04E1AE005D51D5 /* Debug */,
				8C377C852C04E1AE005D51D5 /* Release */,
			);
			defaultConfigurationIsVisible = 0;
			defaultConfigurationName = Release;
		};
		8C377C862C04E1AE005D51D5 /* Build configuration list for PBXNativeTarget "Hapid" */ = {
			isa = XCConfigurationList;
			buildConfigurations = (
				8C377C872C04E1AE005D51D5 /* Debug */,
				8C377C882C04E1AE005D51D5 /* Release */,
			);
			defaultConfigurationIsVisible = 0;
			defaultConfigurationName = Release;
		};
/* End XCConfigurationList section */
	};
	rootObject = 8C377C702C04E1AB005D51D5 /* Project object */;
}
